
Microsoft Visual Studio Solution File, Format Version 12.00
# Visual Studio 15
VisualStudioVersion = 15.0.27130.2020
MinimumVisualStudioVersion = 10.0.40219.1
Project("{FAE04EC0-301F-11D3-BF4B-00C04F79EFBC}") = "Journal", "Journal\Journal.csproj", "{9954FE69-4B2E-4522-9F4B-E5C95BBEE199}"
EndProject
Global
	GlobalSection(SolutionConfigurationPlatforms) = preSolution
		Debug|Any CPU = Debug|Any CPU
		Release|Any CPU = Release|Any CPU
	EndGlobalSection
	GlobalSection(ProjectConfigurationPlatforms) = postSolution
		{9954FE69-4B2E-4522-9F4B-E5C95BBEE199}.Debug|Any CPU.ActiveCfg = Debug|Any CPU
		{9954FE69-4B2E-4522-9F4B-E5C95BBEE199}.Debug|Any CPU.Build.0 = Debug|Any CPU
		{9954FE69-4B2E-4522-9F4B-E5C95BBEE199}.Release|Any CPU.ActiveCfg = Release|Any CPU
		{9954FE69-4B2E-4522-9F4B-E5C95BBEE199}.Release|Any CPU.Build.0 = Release|Any CPU
	EndGlobalSection
	GlobalSection(SolutionProperties) = preSolution
		HideSolutionNode = FALSE
	EndGlobalSection
	GlobalSection(ExtensibilityGlobals) = postSolution
		SolutionGuid = {D14F1A0A-B746-40BE-A3A1-3658C9E1E1E4}
	EndGlobalSection
EndGlobal
